PODS:
  - Alamofire (5.2.2)
  - DeepmediFaceKit (0.4.0):
    - Alamofire (~> 5.2.0)
    - GoogleMLKit/FaceDetection
    - OpenCV
    - RxCocoa (~> 6.0.0)
    - RxSwift (~> 6.0.0)
    - SnapKit (~> 5.0.0)
    - Then
  - GoogleDataTransport (9.2.1):
    - GoogleUtilities/Environment (~> 7.7)
    - nanopb (< 2.30910.0, >= 2.30908.0)
    - PromisesObjC (< 3.0, >= 1.2)
  - GoogleMLKit/FaceDetection (2.6.0):
    - GoogleMLKit/MLKitCore
    - MLKitFaceDetection (~> 1.5.0)
  - GoogleMLKit/MLKitCore (2.6.0):
    - MLKitCommon (~> 5.0.0)
  - GoogleToolboxForMac/DebugUtils (2.3.2):
    - GoogleToolboxForMac/Defines (= 2.3.2)
  - GoogleToolboxForMac/Defines (2.3.2)
  - GoogleToolboxForMac/Logger (2.3.2):
    - GoogleToolboxForMac/Defines (= 2.3.2)
  - "GoogleToolboxForMac/NSData+zlib (2.3.2)":
    - GoogleToolboxForMac/Defines (= 2.3.2)
  - "GoogleToolboxForMac/NSDictionary+URLArguments (2.3.2)":
    - GoogleToolboxForMac/DebugUtils (= 2.3.2)
    - GoogleToolboxForMac/Defines (= 2.3.2)
    - "GoogleToolboxForMac/NSString+URLArguments (= 2.3.2)"
  - "GoogleToolboxForMac/NSString+URLArguments (2.3.2)"
  - GoogleUtilities/Environment (7.11.0):
    - PromisesObjC (< 3.0, >= 1.2)
  - GoogleUtilities/Logger (7.11.0):
    - GoogleUtilities/Environment
  - GoogleUtilities/UserDefaults (7.11.0):
    - GoogleUtilities/Logger
  - GoogleUtilitiesComponents (1.1.0):
    - GoogleUtilities/Logger
  - GTMSessionFetcher/Core (1.7.2)
  - MLImage (1.0.0-beta2)
  - MLKitCommon (5.0.0):
    - GoogleDataTransport (~> 9.0)
    - GoogleToolboxForMac/Logger (~> 2.1)
    - "GoogleToolboxForMac/NSData+zlib (~> 2.1)"
    - "GoogleToolboxForMac/NSDictionary+URLArguments (~> 2.1)"
    - GoogleUtilities/UserDefaults (~> 7.0)
    - GoogleUtilitiesComponents (~> 1.0)
    - GTMSessionFetcher/Core (~> 1.1)
    - Protobuf (~> 3.12)
  - MLKitFaceDetection (1.5.0):
    - MLKitCommon (~> 5.0)
    - MLKitVision (~> 3.0)
  - MLKitVision (3.0.0):
    - GoogleToolboxForMac/Logger (~> 2.1)
    - "GoogleToolboxForMac/NSData+zlib (~> 2.1)"
    - GTMSessionFetcher/Core (~> 1.1)
    - MLImage (= 1.0.0-beta2)
    - MLKitCommon (~> 5.0)
    - Protobuf (~> 3.12)
  - nanopb (2.30909.0):
    - nanopb/decode (= 2.30909.0)
    - nanopb/encode (= 2.30909.0)
  - nanopb/decode (2.30909.0)
  - nanopb/encode (2.30909.0)
  - OpenCV (4.3.0)
  - PromisesObjC (2.1.1)
  - Protobuf (3.21.12)
  - RxCocoa (6.0.0):
    - RxRelay (= 6.0.0)
    - RxSwift (= 6.0.0)
  - RxRelay (6.0.0):
    - RxSwift (= 6.0.0)
  - RxSwift (6.0.0)
  - SnapKit (5.0.1)
  - Then (3.0.0)

DEPENDENCIES:
  - Alamofire (~> 5.2.0)
  - DeepmediFaceKit (from `../`)
  - GoogleMLKit/FaceDetection
  - OpenCV
  - RxCocoa (~> 6.0.0)
  - RxSwift (~> 6.0.0)
  - SnapKit (~> 5.0.0)
  - Then

SPEC REPOS:
  trunk:
    - Alamofire
    - GoogleDataTransport
    - GoogleMLKit
    - GoogleToolboxForMac
    - GoogleUtilities
    - GoogleUtilitiesComponents
    - GTMSessionFetcher
    - MLImage
    - MLKitCommon
    - MLKitFaceDetection
    - MLKitVision
    - nanopb
    - OpenCV
    - PromisesObjC
    - Protobuf
    - RxCocoa
    - RxRelay
    - RxSwift
    - SnapKit
    - Then

EXTERNAL SOURCES:
  DeepmediFaceKit:
    :path: "../"

SPEC CHECKSUMS:
  Alamofire: 814429acc853c6c54ff123fc3d2ef66803823ce0
  DeepmediFaceKit: 798f8504689b327f8870573af06bea28a917eac8
  GoogleDataTransport: ea169759df570f4e37bdee1623ec32a7e64e67c4
  GoogleMLKit: 755661c46990a85e42278015f26400286d98ad95
  GoogleToolboxForMac: 8bef7c7c5cf7291c687cf5354f39f9db6399ad34
  GoogleUtilities: c2bdc4cf2ce786c4d2e6b3bcfd599a25ca78f06f
  GoogleUtilitiesComponents: 679b2c881db3b615a2777504623df6122dd20afe
  GTMSessionFetcher: 5595ec75acf5be50814f81e9189490412bad82ba
  MLImage: a454f9f8ecfd537783a12f9488f5be1a68820829
  MLKitCommon: 3bc17c6f7d25ce3660f030350b46ae7ec9ebca6e
  MLKitFaceDetection: 617cb847441868a8bfd4b48d751c9b33c1104948
  MLKitVision: e87dc3f2e456a6ab32361ebd985e078dd2746143
  nanopb: b552cce312b6c8484180ef47159bc0f65a1f0431
  OpenCV: 681e0451c1e54c5930a8922277f817ed5d5ab459
  PromisesObjC: ab77feca74fa2823e7af4249b8326368e61014cb
  Protobuf: 120350fc38646e2dedc26f49ecba778184ea1de2
  RxCocoa: 3f79328fafa3645b34600f37c31e64c73ae3a80e
  RxRelay: 8d593be109c06ea850df027351beba614b012ffb
  RxSwift: c14e798c59b9f6e9a2df8fd235602e85cc044295
  SnapKit: 97b92857e3df3a0c71833cce143274bf6ef8e5eb
  Then: 844265ae87834bbe1147d91d5d41a404da2ec27d

PODFILE CHECKSUM: e77136bdca2b1595d431766ae021936259313fbc

COCOAPODS: 1.11.3
